
Microsoft Visual Studio Solution File, Format Version 12.00
# Visual Studio Version 16
VisualStudioVersion = 16.0.30717.126
MinimumVisualStudioVersion = 10.0.40219.1
Project("{FAE04EC0-301F-11D3-BF4B-00C04F79EFBC}") = "ProjetControl", "ProjetControl.csproj", "{4977ADC5-6952-496F-AB54-4CA2B6CD0CF3}"
EndProject
Global
	GlobalSection(SolutionConfigurationPlatforms) = preSolution
		Debug|Any CPU = Debug|Any CPU
		Release|Any CPU = Release|Any CPU
	EndGlobalSection
	GlobalSection(ProjectConfigurationPlatforms) = postSolution
		{4977ADC5-6952-496F-AB54-4CA2B6CD0CF3}.Debug|Any CPU.ActiveCfg = Debug|Any CPU
		{4977ADC5-6952-496F-AB54-4CA2B6CD0CF3}.Debug|Any CPU.Build.0 = Debug|Any CPU
		{4977ADC5-6952-496F-AB54-4CA2B6CD0CF3}.Release|Any CPU.ActiveCfg = Release|Any CPU
		{4977ADC5-6952-496F-AB54-4CA2B6CD0CF3}.Release|Any CPU.Build.0 = Release|Any CPU
	EndGlobalSection
	GlobalSection(SolutionProperties) = preSolution
		HideSolutionNode = FALSE
	EndGlobalSection
	GlobalSection(ExtensibilityGlobals) = postSolution
		SolutionGuid = {8CA64F8E-4CEA-47DA-A739-D84F1F2B2AB8}
	EndGlobalSection
EndGlobal
